// !$*UTF8*$!
{
	archiveVersion = 1;
	classes = {
	};
	objectVersion = 56;
	objects = {

/* Begin PBXBuildFile section */
		3A7DAAC22C830A2600F2C26B /* CustomHaptics_SampleProjectApp.swift in Sources */ = {isa = PBXBuildFile; fileRef = 3A7DAAC12C830A2600F2C26B /* CustomHaptics_SampleProjectApp.swift */; };
		3A7DAAC42C830A2600F2C26B /* ContentView.swift in Sources */ = {isa = PBXBuildFile; fileRef = 3A7DAAC32C830A2600F2C26B /* ContentView.swift */; };
		3A7DAAC62C830A2800F2C26B /* Assets.xcassets in Resources */ = {isa = PBXBuildFile; fileRef = 3A7DAAC52C830A2800F2C26B /* Assets.xcassets */; };
		3A7DAAC92C830A2800F2C26B /* Preview Assets.xcassets in Resources */ = {isa = PBXBuildFile; fileRef = 3A7DAAC82C830A2800F2C26B /* Preview Assets.xcassets */; };
		3A7DAAD02C830A3C00F2C26B /* CoreHapticsManager.swift in Sources */ = {isa = PBXBuildFile; fileRef = 3A7DAACF2C830A3B00F2C26B /* CoreHapticsManager.swift */; };
		3A7DAADB2C84A8B800F2C26B /* water.continuous.ahap in Resources */ = {isa = PBXBuildFile; fileRef = 3A7DAAD92C84A8B800F2C26B /* water.continuous.ahap */; };
		3A7DAADC2C84A8B800F2C26B /* rain.continuous.ahap in Resources */ = {isa = PBXBuildFile; fileRef = 3A7DAADA2C84A8B800F2C26B /* rain.continuous.ahap */; };
		3A7DAADF2C84A8C500F2C26B /* dirt.continuous.ahap in Resources */ = {isa = PBXBuildFile; fileRef = 3A7DAADD2C84A8C500F2C26B /* dirt.continuous.ahap */; };
		3A7DAAE02C84A8C500F2C26B /* grass.continuous.ahap in Resources */ = {isa = PBXBuildFile; fileRef = 3A7DAADE2C84A8C500F2C26B /* grass.continuous.ahap */; };
		3A7DAAE32C84A8D400F2C26B /* acoustic_guitar.continuous.ahap in Resources */ = {isa = PBXBuildFile; fileRef = 3A7DAAE12C84A8D400F2C26B /* acoustic_guitar.continuous.ahap */; };
		3A7DAAE42C84A8D400F2C26B /* banjo.continuous.ahap in Resources */ = {isa = PBXBuildFile; fileRef = 3A7DAAE22C84A8D400F2C26B /* banjo.continuous.ahap */; };
/* End PBXBuildFile section */

/* Begin PBXFileReference section */
		3A7DAABE2C830A2600F2C26B /* CustomHaptics-SampleProject.app */ = {isa = PBXFileReference; explicitFileType = wrapper.application; includeInIndex = 0; path = "CustomHaptics-SampleProject.app"; sourceTree = BUILT_PRODUCTS_DIR; };
		3A7DAAC12C830A2600F2C26B /* CustomHaptics_SampleProjectApp.swift */ = {isa = PBXFileReference; lastKnownFileType = sourcecode.swift; path = CustomHaptics_SampleProjectApp.swift; sourceTree = "<group>"; };
		3A7DAAC32C830A2600F2C26B /* ContentView.swift */ = {isa = PBXFileReference; lastKnownFileType = sourcecode.swift; path = ContentView.swift; sourceTree = "<group>"; };
		3A7DAAC52C830A2800F2C26B /* Assets.xcassets */ = {isa = PBXFileReference; lastKnownFileType = folder.assetcatalog; path = Assets.xcassets; sourceTree = "<group>"; };
		3A7DAAC82C830A2800F2C26B /* Preview Assets.xcassets */ = {isa = PBXFileReference; lastKnownFileType = folder.assetcatalog; path = "Preview Assets.xcassets"; sourceTree = "<group>"; };
		3A7DAACF2C830A3B00F2C26B /* CoreHapticsManager.swift */ = {isa = PBXFileReference; lastKnownFileType = sourcecode.swift; path = CoreHapticsManager.swift; sourceTree = "<group>"; };
		3A7DAAD92C84A8B800F2C26B /* water.continuous.ahap */ = {isa = PBXFileReference; fileEncoding = 4; lastKnownFileType = text; path = water.continuous.ahap; sourceTree = "<group>"; };
		3A7DAADA2C84A8B800F2C26B /* rain.continuous.ahap */ = {isa = PBXFileReference; fileEncoding = 4; lastKnownFileType = text; path = rain.continuous.ahap; sourceTree = "<group>"; };
		3A7DAADD2C84A8C500F2C26B /* dirt.continuous.ahap */ = {isa = PBXFileReference; fileEncoding = 4; lastKnownFileType = text; path = dirt.continuous.ahap; sourceTree = "<group>"; };
		3A7DAADE2C84A8C500F2C26B /* grass.continuous.ahap */ = {isa = PBXFileReference; fileEncoding = 4; lastKnownFileType = text; path = grass.continuous.ahap; sourceTree = "<group>"; };
		3A7DAAE12C84A8D400F2C26B /* acoustic_guitar.continuous.ahap */ = {isa = PBXFileReference; fileEncoding = 4; lastKnownFileType = text; path = acoustic_guitar.continuous.ahap; sourceTree = "<group>"; };
		3A7DAAE22C84A8D400F2C26B /* banjo.continuous.ahap */ = {isa = PBXFileReference; fileEncoding = 4; lastKnownFileType = text; path = banjo.continuous.ahap; sourceTree = "<group>"; };
/* End PBXFileReference section */

/* Begin PBXFrameworksBuildPhase section */
		3A7DAABB2C830A2600F2C26B /* Frameworks */ = {
			isa = PBXFrameworksBuildPhase;
			buildActionMask = 2147483647;
			files = (
			);
			runOnlyForDeploymentPostprocessing = 0;
		};
/* End PBXFrameworksBuildPhase section */

/* Begin PBXGroup section */
		3A7DAAB52C830A2600F2C26B = {
			isa = PBXGroup;
			children = (
				3A7DAAC02C830A2600F2C26B /* CustomHaptics-SampleProject */,
				3A7DAABF2C830A2600F2C26B /* Products */,
			);
			sourceTree = "<group>";
		};
		3A7DAABF2C830A2600F2C26B /* Products */ = {
			isa = PBXGroup;
			children = (
				3A7DAABE2C830A2600F2C26B /* CustomHaptics-SampleProject.app */,
			);
			name = Products;
			sourceTree = "<group>";
		};
		3A7DAAC02C830A2600F2C26B /* CustomHaptics-SampleProject */ = {
			isa = PBXGroup;
			children = (
				3A7DAAC12C830A2600F2C26B /* CustomHaptics_SampleProjectApp.swift */,
				3A7DAAC32C830A2600F2C26B /* ContentView.swift */,
				3A7DAACF2C830A3B00F2C26B /* CoreHapticsManager.swift */,
				3A7DAAD12C8313F300F2C26B /* Resource */,
				3A7DAAC52C830A2800F2C26B /* Assets.xcassets */,
				3A7DAAC72C830A2800F2C26B /* Preview Content */,
			);
			path = "CustomHaptics-SampleProject";
			sourceTree = "<group>";
		};
		3A7DAAC72C830A2800F2C26B /* Preview Content */ = {
			isa = PBXGroup;
			children = (
				3A7DAAC82C830A2800F2C26B /* Preview Assets.xcassets */,
			);
			path = "Preview Content";
			sourceTree = "<group>";
		};
		3A7DAAD12C8313F300F2C26B /* Resource */ = {
			isa = PBXGroup;
			children = (
				3A7DAAD22C8313FA00F2C26B /* Haptics */,
			);
			path = Resource;
			sourceTree = "<group>";
		};
		3A7DAAD22C8313FA00F2C26B /* Haptics */ = {
			isa = PBXGroup;
			children = (
				3A7DAAD72C84A86B00F2C26B /* Nature */,
				3A7DAAD82C84A87000F2C26B /* Footsteps */,
				3A7DAAD62C84A86200F2C26B /* Music */,
			);
			path = Haptics;
			sourceTree = "<group>";
		};
		3A7DAAD62C84A86200F2C26B /* Music */ = {
			isa = PBXGroup;
			children = (
				3A7DAAE12C84A8D400F2C26B /* acoustic_guitar.continuous.ahap */,
				3A7DAAE22C84A8D400F2C26B /* banjo.continuous.ahap */,
			);
			path = Music;
			sourceTree = "<group>";
		};
		3A7DAAD72C84A86B00F2C26B /* Nature */ = {
			isa = PBXGroup;
			children = (
				3A7DAADA2C84A8B800F2C26B /* rain.continuous.ahap */,
				3A7DAAD92C84A8B800F2C26B /* water.continuous.ahap */,
			);
			path = Nature;
			sourceTree = "<group>";
		};
		3A7DAAD82C84A87000F2C26B /* Footsteps */ = {
			isa = PBXGroup;
			children = (
				3A7DAADD2C84A8C500F2C26B /* dirt.continuous.ahap */,
				3A7DAADE2C84A8C500F2C26B /* grass.continuous.ahap */,
			);
			path = Footsteps;
			sourceTree = "<group>";
		};
/* End PBXGroup section */

/* Begin PBXNativeTarget section */
		3A7DAABD2C830A2600F2C26B /* CustomHaptics-SampleProject */ = {
			isa = PBXNativeTarget;
			buildConfigurationList = 3A7DAACC2C830A2800F2C26B /* Build configuration list for PBXNativeTarget "CustomHaptics-SampleProject" */;
			buildPhases = (
				3A7DAABA2C830A2600F2C26B /* Sources */,
				3A7DAABB2C830A2600F2C26B /* Frameworks */,
				3A7DAABC2C830A2600F2C26B /* Resources */,
			);
			buildRules = (
			);
			dependencies = (
			);
			name = "CustomHaptics-SampleProject";
			productName = "CustomHaptics-SampleProject";
			productReference = 3A7DAABE2C830A2600F2C26B /* CustomHaptics-SampleProject.app */;
			productType = "com.apple.product-type.application";
		};
/* End PBXNativeTarget section */

/* Begin PBXProject section */
		3A7DAAB62C830A2600F2C26B /* Project object */ = {
			isa = PBXProject;
			attributes = {
				BuildIndependentTargetsInParallel = 1;
				LastSwiftUpdateCheck = 1540;
				LastUpgradeCheck = 1540;
				TargetAttributes = {
					3A7DAABD2C830A2600F2C26B = {
						CreatedOnToolsVersion = 15.4;
					};
				};
			};
			buildConfigurationList = 3A7DAAB92C830A2600F2C26B /* Build configuration list for PBXProject "CustomHaptics-SampleProject" */;
			compatibilityVersion = "Xcode 14.0";
			developmentRegion = en;
			hasScannedForEncodings = 0;
			knownRegions = (
				en,
				Base,
			);
			mainGroup = 3A7DAAB52C830A2600F2C26B;
			productRefGroup = 3A7DAABF2C830A2600F2C26B /* Products */;
			projectDirPath = "";
			projectRoot = "";
			targets = (
				3A7DAABD2C830A2600F2C26B /* CustomHaptics-SampleProject */,
			);
		};
/* End PBXProject section */

/* Begin PBXResourcesBuildPhase section */
		3A7DAABC2C830A2600F2C26B /* Resources */ = {
			isa = PBXResourcesBuildPhase;
			buildActionMask = 2147483647;
			files = (
				3A7DAAC92C830A2800F2C26B /* Preview Assets.xcassets in Resources */,
				3A7DAADB2C84A8B800F2C26B /* water.continuous.ahap in Resources */,
				3A7DAAE32C84A8D400F2C26B /* acoustic_guitar.continuous.ahap in Resources */,
				3A7DAADF2C84A8C500F2C26B /* dirt.continuous.ahap in Resources */,
				3A7DAADC2C84A8B800F2C26B /* rain.continuous.ahap in Resources */,
				3A7DAAC62C830A2800F2C26B /* Assets.xcassets in Resources */,
				3A7DAAE02C84A8C500F2C26B /* grass.continuous.ahap in Resources */,
				3A7DAAE42C84A8D400F2C26B /* banjo.continuous.ahap in Resources */,
			);
			runOnlyForDeploymentPostprocessing = 0;
		};
/* End PBXResourcesBuildPhase section */

/* Begin PBXSourcesBuildPhase section */
		3A7DAABA2C830A2600F2C26B /* Sources */ = {
			isa = PBXSourcesBuildPhase;
			buildActionMask = 2147483647;
			files = (
				3A7DAAC42C830A2600F2C26B /* ContentView.swift in Sources */,
				3A7DAAC22C830A2600F2C26B /* CustomHaptics_SampleProjectApp.swift in Sources */,
				3A7DAAD02C830A3C00F2C26B /* CoreHapticsManager.swift in Sources */,
			);
			runOnlyForDeploymentPostprocessing = 0;
		};
/* End PBXSourcesBuildPhase section */

/* Begin XCBuildConfiguration section */
		3A7DAACA2C830A2800F2C26B /* Debug */ = {
			isa = XCBuildConfiguration;
			buildSettings = {
				ALWAYS_SEARCH_USER_PATHS = NO;
				ASSETCATALOG_COMPILER_GENERATE_SWIFT_ASSET_SYMBOL_EXTENSIONS = YES;
				CLANG_ANALYZER_NONNULL = YES;
				CLANG_ANALYZER_NUMBER_OBJECT_CONVERSION = YES_AGGRESSIVE;
				CLANG_CXX_LANGUAGE_STANDARD = "gnu++20";
				CLANG_ENABLE_MODULES = YES;
				CLANG_ENABLE_OBJC_ARC = YES;
				CLANG_ENABLE_OBJC_WEAK = YES;
				CLANG_WARN_BLOCK_CAPTURE_AUTORELEASING = YES;
				CLANG_WARN_BOOL_CONVERSION = YES;
				CLANG_WARN_COMMA = YES;
				CLANG_WARN_CONSTANT_CONVERSION = YES;
				CLANG_WARN_DEPRECATED_OBJC_IMPLEMENTATIONS = YES;
				CLANG_WARN_DIRECT_OBJC_ISA_USAGE = YES_ERROR;
				CLANG_WARN_DOCUMENTATION_COMMENTS = YES;
				CLANG_WARN_EMPTY_BODY = YES;
				CLANG_WARN_ENUM_CONVERSION = YES;
				CLANG_WARN_INFINITE_RECURSION = YES;
				CLANG_WARN_INT_CONVERSION = YES;
				CLANG_WARN_NON_LITERAL_NULL_CONVERSION = YES;
				CLANG_WARN_OBJC_IMPLICIT_RETAIN_SELF = YES;
				CLANG_WARN_OBJC_LITERAL_CONVERSION = YES;
				CLANG_WARN_OBJC_ROOT_CLASS = YES_ERROR;
				CLANG_WARN_QUOTED_INCLUDE_IN_FRAMEWORK_HEADER = YES;
				CLANG_WARN_RANGE_LOOP_ANALYSIS = YES;
				CLANG_WARN_STRICT_PROTOTYPES = YES;
				CLANG_WARN_SUSPICIOUS_MOVE = YES;
				CLANG_WARN_UNGUARDED_AVAILABILITY = YES_AGGRESSIVE;
				CLANG_WARN_UNREACHABLE_CODE = YES;
				CLANG_WARN__DUPLICATE_METHOD_MATCH = YES;
				COPY_PHASE_STRIP = NO;
				DEBUG_INFORMATION_FORMAT = dwarf;
				ENABLE_STRICT_OBJC_MSGSEND = YES;
				ENABLE_TESTABILITY = YES;
				ENABLE_USER_SCRIPT_SANDBOXING = YES;
				GCC_C_LANGUAGE_STANDARD = gnu17;
				GCC_DYNAMIC_NO_PIC = NO;
				GCC_NO_COMMON_BLOCKS = YES;
				GCC_OPTIMIZATION_LEVEL = 0;
				GCC_PREPROCESSOR_DEFINITIONS = (
					"DEBUG=1",
					"$(inherited)",
				);
				GCC_WARN_64_TO_32_BIT_CONVERSION = YES;
				GCC_WARN_ABOUT_RETURN_TYPE = YES_ERROR;
				GCC_WARN_UNDECLARED_SELECTOR = YES;
				GCC_WARN_UNINITIALIZED_AUTOS = YES_AGGRESSIVE;
				GCC_WARN_UNUSED_FUNCTION = YES;
				GCC_WARN_UNUSED_VARIABLE = YES;
				IPHONEOS_DEPLOYMENT_TARGET = 17.5;
				LOCALIZATION_PREFERS_STRING_CATALOGS = YES;
				MTL_ENABLE_DEBUG_INFO = INCLUDE_SOURCE;
				MTL_FAST_MATH = YES;
				ONLY_ACTIVE_ARCH = YES;
				SDKROOT = iphoneos;
				SWIFT_ACTIVE_COMPILATION_CONDITIONS = "DEBUG $(inherited)";
				SWIFT_OPTIMIZATION_LEVEL = "-Onone";
			};
			name = Debug;
		};
		3A7DAACB2C830A2800F2C26B /* Release */ = {
			isa = XCBuildConfiguration;
			buildSettings = {
				ALWAYS_SEARCH_USER_PATHS = NO;
				ASSETCATALOG_COMPILER_GENERATE_SWIFT_ASSET_SYMBOL_EXTENSIONS = YES;
				CLANG_ANALYZER_NONNULL = YES;
				CLANG_ANALYZER_NUMBER_OBJECT_CONVERSION = YES_AGGRESSIVE;
				CLANG_CXX_LANGUAGE_STANDARD = "gnu++20";
				CLANG_ENABLE_MODULES = YES;
				CLANG_ENABLE_OBJC_ARC = YES;
				CLANG_ENABLE_OBJC_WEAK = YES;
				CLANG_WARN_BLOCK_CAPTURE_AUTORELEASING = YES;
				CLANG_WARN_BOOL_CONVERSION = YES;
				CLANG_WARN_COMMA = YES;
				CLANG_WARN_CONSTANT_CONVERSION = YES;
				CLANG_WARN_DEPRECATED_OBJC_IMPLEMENTATIONS = YES;
				CLANG_WARN_DIRECT_OBJC_ISA_USAGE = YES_ERROR;
				CLANG_WARN_DOCUMENTATION_COMMENTS = YES;
				CLANG_WARN_EMPTY_BODY = YES;
				CLANG_WARN_ENUM_CONVERSION = YES;
				CLANG_WARN_INFINITE_RECURSION = YES;
				CLANG_WARN_INT_CONVERSION = YES;
				CLANG_WARN_NON_LITERAL_NULL_CONVERSION = YES;
				CLANG_WARN_OBJC_IMPLICIT_RETAIN_SELF = YES;
				CLANG_WARN_OBJC_LITERAL_CONVERSION = YES;
				CLANG_WARN_OBJC_ROOT_CLASS = YES_ERROR;
				CLANG_WARN_QUOTED_INCLUDE_IN_FRAMEWORK_HEADER = YES;
				CLANG_WARN_RANGE_LOOP_ANALYSIS = YES;
				CLANG_WARN_STRICT_PROTOTYPES = YES;
				CLANG_WARN_SUSPICIOUS_MOVE = YES;
				CLANG_WARN_UNGUARDED_AVAILABILITY = YES_AGGRESSIVE;
				CLANG_WARN_UNREACHABLE_CODE = YES;
				CLANG_WARN__DUPLICATE_METHOD_MATCH = YES;
				COPY_PHASE_STRIP = NO;
				DEBUG_INFORMATION_FORMAT = "dwarf-with-dsym";
				ENABLE_NS_ASSERTIONS = NO;
				ENABLE_STRICT_OBJC_MSGSEND = YES;
				ENABLE_USER_SCRIPT_SANDBOXING = YES;
				GCC_C_LANGUAGE_STANDARD = gnu17;
				GCC_NO_COMMON_BLOCKS = YES;
				GCC_WARN_64_TO_32_BIT_CONVERSION = YES;
				GCC_WARN_ABOUT_RETURN_TYPE = YES_ERROR;
				GCC_WARN_UNDECLARED_SELECTOR = YES;
				GCC_WARN_UNINITIALIZED_AUTOS = YES_AGGRESSIVE;
				GCC_WARN_UNUSED_FUNCTION = YES;
				GCC_WARN_UNUSED_VARIABLE = YES;
				IPHONEOS_DEPLOYMENT_TARGET = 17.5;
				LOCALIZATION_PREFERS_STRING_CATALOGS = YES;
				MTL_ENABLE_DEBUG_INFO = NO;
				MTL_FAST_MATH = YES;
				SDKROOT = iphoneos;
				SWIFT_COMPILATION_MODE = wholemodule;
				VALIDATE_PRODUCT = YES;
			};
			name = Release;
		};
		3A7DAACD2C830A2800F2C26B /* Debug */ = {
			isa = XCBuildConfiguration;
			buildSettings = {
				ASSETCATALOG_COMPILER_APPICON_NAME = AppIcon;
				ASSETCATALOG_COMPILER_GLOBAL_ACCENT_COLOR_NAME = AccentColor;
				CODE_SIGN_STYLE = Automatic;
				CURRENT_PROJECT_VERSION = 1;
				DEVELOPMENT_ASSET_PATHS = "\"CustomHaptics-SampleProject/Preview Content\"";
				DEVELOPMENT_TEAM = QJ4D5LRK3T;
				ENABLE_PREVIEWS = YES;
				GENERATE_INFOPLIST_FILE = YES;
				INFOPLIST_KEY_UIApplicationSceneManifest_Generation = YES;
				INFOPLIST_KEY_UIApplicationSupportsIndirectInputEvents = YES;
				INFOPLIST_KEY_UILaunchScreen_Generation = YES;
				INFOPLIST_KEY_UISupportedInterfaceOrientations_iPad = "UIInterfaceOrientationPortrait UIInterfaceOrientationPortraitUpsideDown UIInterfaceOrientationLandscapeLeft UIInterfaceOrientationLandscapeRight";
				INFOPLIST_KEY_UISupportedInterfaceOrientations_iPhone = "UIInterfaceOrientationPortrait UIInterfaceOrientationLandscapeLeft UIInterfaceOrientationLandscapeRight";
				LD_RUNPATH_SEARCH_PATHS = (
					"$(inherited)",
					"@executable_path/Frameworks",
				);
				MARKETING_VERSION = 1.0;
				PRODUCT_BUNDLE_IDENTIFIER = "com.dikidwid.CustomHaptics-SampleProject";
				PRODUCT_NAME = "$(TARGET_NAME)";
				SWIFT_EMIT_LOC_STRINGS = YES;
				SWIFT_VERSION = 5.0;
				TARGETED_DEVICE_FAMILY = "1,2";
			};
			name = Debug;
		};
		3A7DAACE2C830A2800F2C26B /* Release */ = {
			isa = XCBuildConfiguration;
			buildSettings = {
				ASSETCATALOG_COMPILER_APPICON_NAME = AppIcon;
				ASSETCATALOG_COMPILER_GLOBAL_ACCENT_COLOR_NAME = AccentColor;
				CODE_SIGN_STYLE = Automatic;
				CURRENT_PROJECT_VERSION = 1;
				DEVELOPMENT_ASSET_PATHS = "\"CustomHaptics-SampleProject/Preview Content\"";
				DEVELOPMENT_TEAM = QJ4D5LRK3T;
				ENABLE_PREVIEWS = YES;
				GENERATE_INFOPLIST_FILE = YES;
				INFOPLIST_KEY_UIApplicationSceneManifest_Generation = YES;
				INFOPLIST_KEY_UIApplicationSupportsIndirectInputEvents = YES;
				INFOPLIST_KEY_UILaunchScreen_Generation = YES;
				INFOPLIST_KEY_UISupportedInterfaceOrientations_iPad = "UIInterfaceOrientationPortrait UIInterfaceOrientationPortraitUpsideDown UIInterfaceOrientationLandscapeLeft UIInterfaceOrientationLandscapeRight";
				INFOPLIST_KEY_UISupportedInterfaceOrientations_iPhone = "UIInterfaceOrientationPortrait UIInterfaceOrientationLandscapeLeft UIInterfaceOrientationLandscapeRight";
				LD_RUNPATH_SEARCH_PATHS = (
					"$(inherited)",
					"@executable_path/Frameworks",
				);
				MARKETING_VERSION = 1.0;
				PRODUCT_BUNDLE_IDENTIFIER = "com.dikidwid.CustomHaptics-SampleProject";
				PRODUCT_NAME = "$(TARGET_NAME)";
				SWIFT_EMIT_LOC_STRINGS = YES;
				SWIFT_VERSION = 5.0;
				TARGETED_DEVICE_FAMILY = "1,2";
			};
			name = Release;
		};
/* End XCBuildConfiguration section */

/* Begin XCConfigurationList section */
		3A7DAAB92C830A2600F2C26B /* Build configuration list for PBXProject "CustomHaptics-SampleProject" */ = {
			isa = XCConfigurationList;
			buildConfigurations = (
				3A7DAACA2C830A2800F2C26B /* Debug */,
				3A7DAACB2C830A2800F2C26B /* Release */,
			);
			defaultConfigurationIsVisible = 0;
			defaultConfigurationName = Release;
		};
		3A7DAACC2C830A2800F2C26B /* Build configuration list for PBXNativeTarget "CustomHaptics-SampleProject" */ = {
			isa = XCConfigurationList;
			buildConfigurations = (
				3A7DAACD2C830A2800F2C26B /* Debug */,
				3A7DAACE2C830A2800F2C26B /* Release */,
			);
			defaultConfigurationIsVisible = 0;
			defaultConfigurationName = Release;
		};
/* End XCConfigurationList section */
	};
	rootObject = 3A7DAAB62C830A2600F2C26B /* Project object */;
}
